
Microsoft Visual Studio Solution File, Format Version 12.00
# Visual Studio 15
VisualStudioVersion = 15.0.28307.168
MinimumVisualStudioVersion = 10.0.40219.1
Project("{FAE04EC0-301F-11D3-BF4B-00C04F79EFBC}") = "MVCProject", "MVCProject\MVCProject.csproj", "{E300F3FD-8506-4C11-B0AE-19EDC0E46615}"
EndProject
Global
	GlobalSection(SolutionConfigurationPlatforms) = preSolution
		Debug|Any CPU = Debug|Any CPU
		Release|Any CPU = Release|Any CPU
	EndGlobalSection
	GlobalSection(ProjectConfigurationPlatforms) = postSolution
		{E300F3FD-8506-4C11-B0AE-19EDC0E46615}.Debug|Any CPU.ActiveCfg = Debug|Any CPU
		{E300F3FD-8506-4C11-B0AE-19EDC0E46615}.Debug|Any CPU.Build.0 = Debug|Any CPU
		{E300F3FD-8506-4C11-B0AE-19EDC0E46615}.Release|Any CPU.ActiveCfg = Release|Any CPU
		{E300F3FD-8506-4C11-B0AE-19EDC0E46615}.Release|Any CPU.Build.0 = Release|Any CPU
	EndGlobalSection
	GlobalSection(SolutionProperties) = preSolution
		HideSolutionNode = FALSE
	EndGlobalSection
	GlobalSection(ExtensibilityGlobals) = postSolution
		SolutionGuid = {451C5594-E6F7-4C95-A3ED-7DEA5A008FCE}
	EndGlobalSection
EndGlobal
